{
    "_meta": {
        "hash": {
            "sha256": "03801e5799f6d9e93d05b78aa93982f29e8d0a2edd886c3e506f94dfcef66d71"
        },
        "pipfile-spec": 6,
        "requires": {
            "python_version": "3.10"
        },
        "sources": [
            {
                "name": "pypi",
                "url": "https://pypi.org/simple",
                "verify_ssl": true
            }
        ]
    },
    "default": {
        "asgiref": {
            "hashes": [
                "sha256:1d2880b792ae8757289136f1db2b7b99100ce959b2aa57fd69dab783d05afac4",
                "sha256:4a29362a6acebe09bf1d6640db38c1dc3d9217c68e6f9f6204d72667fc19a424"
            ],
            "markers": "python_version >= '3.7'",
            "version": "==3.5.2"
        },
        "django": {
            "hashes": [
                "sha256:a67a793ff6827fd373555537dca0da293a63a316fe34cb7f367f898ccca3c3ae",
                "sha256:ca54ebedfcbc60d191391efbf02ba68fb52165b8bf6ccd6fe71f098cac1fe59e"
            ],
            "index": "pypi",
            "version": "==4.0.6"
        },
        "psycopg2": {
            "hashes": [
                "sha256:03a485bf71498870e38b535c0e6e7162d6ac06a91487edddc3b959894d65f79c",
                "sha256:22102cfeb904898254f287b1a77360bf66c636858e7476593acd5267e5c24ff9",
                "sha256:8f4c1800e57ad128d20b2e91d222ca238fffd316cef65be781361cdf35e37979",
                "sha256:b12073fdf2002e828e5921be2c39ff9c6eab361c5c0bd6c529619fc23677accc",
                "sha256:b6f47af317af8110818d255e693cfa80b7f1e435285be09778db7b66efd95789",
                "sha256:d549db98fc0e6db41a2aa0d65f7434c4308a9f64012adb209b9e489f26fe87c6",
                "sha256:e44e39a46af7c30566b7667fb27e701e652ab0a51e05c263a01d3ff0e223b765",
                "sha256:e84c80be7a238d3c9c099b71f6890eaa35fc881146232cce888a88ab1bfb431e",
                "sha256:f3d42bd42302293767b84206d9a446abc67ed4a133e4fe04dad8952de06c2091"
            ],
            "index": "pypi",
            "version": "==2.9"
        },
        "sqlparse": {
            "hashes": [
                "sha256:0c00730c74263a94e5a9919ade150dfc3b19c574389985446148402998287dae",
                "sha256:48719e356bb8b42991bdbb1e8b83223757b93789c00910a616a071910ca4a64d"
            ],
            "markers": "python_version >= '3.5'",
            "version": "==0.4.2"
        }
    },
    "develop": {}
}
